
Microsoft Visual Studio Solution File, Format Version 12.00
# Visual Studio Version 17
VisualStudioVersion = 17.10.35013.160
MinimumVisualStudioVersion = 10.0.40219.1
Project("{FAE04EC0-301F-11D3-BF4B-00C04F79EFBC}") = "HotelBookingAPI", "HotelBookingAPI\HotelBookingAPI.csproj", "{787CD4BC-B462-43C1-820C-DE3E3ECBC2E5}"
EndProject
Global
	GlobalSection(SolutionConfigurationPlatforms) = preSolution
		Debug|Any CPU = Debug|Any CPU
		Release|Any CPU = Release|Any CPU
	EndGlobalSection
	GlobalSection(ProjectConfigurationPlatforms) = postSolution
		{787CD4BC-B462-43C1-820C-DE3E3ECBC2E5}.Debug|Any CPU.ActiveCfg = Debug|Any CPU
		{787CD4BC-B462-43C1-820C-DE3E3ECBC2E5}.Debug|Any CPU.Build.0 = Debug|Any CPU
		{787CD4BC-B462-43C1-820C-DE3E3ECBC2E5}.Release|Any CPU.ActiveCfg = Release|Any CPU
		{787CD4BC-B462-43C1-820C-DE3E3ECBC2E5}.Release|Any CPU.Build.0 = Release|Any CPU
	EndGlobalSection
	GlobalSection(SolutionProperties) = preSolution
		HideSolutionNode = FALSE
	EndGlobalSection
	GlobalSection(ExtensibilityGlobals) = postSolution
		SolutionGuid = {145EECBE-F125-4BA3-B972-A7766D325A87}
	EndGlobalSection
EndGlobal
